
Microsoft Visual Studio Solution File, Format Version 12.00
# Visual Studio Version 16
VisualStudioVersion = 16.0.34601.136
MinimumVisualStudioVersion = 10.0.40219.1
Project("{FAE04EC0-301F-11D3-BF4B-00C04F79EFBC}") = "Projeto Rosalvino", "Projeto Rosalvino\Projeto Rosalvino.csproj", "{DCC2A05F-77EC-40E5-9E24-058093F54056}"
EndProject
Global
	GlobalSection(SolutionConfigurationPlatforms) = preSolution
		Debug|Any CPU = Debug|Any CPU
		Release|Any CPU = Release|Any CPU
	EndGlobalSection
	GlobalSection(ProjectConfigurationPlatforms) = postSolution
		{DCC2A05F-77EC-40E5-9E24-058093F54056}.Debug|Any CPU.ActiveCfg = Debug|Any CPU
		{DCC2A05F-77EC-40E5-9E24-058093F54056}.Debug|Any CPU.Build.0 = Debug|Any CPU
		{DCC2A05F-77EC-40E5-9E24-058093F54056}.Release|Any CPU.ActiveCfg = Release|Any CPU
		{DCC2A05F-77EC-40E5-9E24-058093F54056}.Release|Any CPU.Build.0 = Release|Any CPU
	EndGlobalSection
	GlobalSection(SolutionProperties) = preSolution
		HideSolutionNode = FALSE
	EndGlobalSection
	GlobalSection(ExtensibilityGlobals) = postSolution
		SolutionGuid = {02E69F56-EAA0-47CA-9314-BF9471474BAF}
	EndGlobalSection
EndGlobal
